{
    "_meta": {
        "hash": {
            "sha256": "d2338455f8681928084e4c913bc94c30820676d048f921ed55cc30fc08e815a2"
        },
        "pipfile-spec": 6,
        "requires": {
            "python_version": "3.7"
        },
        "sources": [
            {
                "name": "pypi",
                "url": "https://pypi.org/simple",
                "verify_ssl": true
            }
        ]
    },
    "default": {
        "colorzero": {
            "hashes": [
                "sha256:acba47119b5d8555680d3cda9afe6ccc5481385ccc3c00084dd973f7aa184599",
                "sha256:e3c36d15b293de2b2f77ff54a5bd243fffac941ed0a5332d0697a6612a26a0a3"
            ],
            "version": "==1.1"
        },
        "enum34": {
            "hashes": [
                "sha256:a98a201d6de3f2ab3db284e70a33b0f896fbf35f8086594e8c9e74b909058d53",
                "sha256:c3858660960c984d6ab0ebad691265180da2b43f07e061c0f8dca9ef3cffd328",
                "sha256:cce6a7477ed816bd2542d03d53db9f0db935dd013b70f336a95c73979289f248"
            ],
            "index": "pypi",
            "version": "==1.1.10"
        },
        "gpiozero": {
            "hashes": [
                "sha256:101044038e71cec8be2fa841d4cea9e50e7962e9fb0287f465298b59e3f06594",
                "sha256:ae1a8dc4e6e793ffd8f900968f3290d218052c46347fa0c0503c65fabe422e4d"
            ],
            "index": "pypi",
            "version": "==1.5.1"
        },
        "smbus2": {
            "hashes": [
                "sha256:210e66eebe4d0b1fe836b3ec2751841942e1c4918c0b429b20a0e20a222228b4"
            ],
            "index": "pypi",
            "version": "==0.3.0"
        },
        "tinydb": {
            "hashes": [
                "sha256:1087ade5300c47dbf9539d9f6dafd53115bd5e85a67d480d8188bdbfa2d9eaf4",
                "sha256:f273d9b6d8b1b5e1d094a6eb8b72851b39b81099293344132c73332b60e3b893"
            ],
            "index": "pypi",
            "version": "==3.15.2"
        }
    },
    "develop": {
        "argparse": {
            "hashes": [
                "sha256:62b089a55be1d8949cd2bc7e0df0bddb9e028faefc8c32038cc84862aefdd6e4",
                "sha256:c31647edb69fd3d465a847ea3157d37bed1f95f19760b11a47aa91c04b666314"
            ],
            "version": "==1.4.0"
        },
        "linecache2": {
            "hashes": [
                "sha256:4b26ff4e7110db76eeb6f5a7b64a82623839d595c2038eeda662f2a2db78e97c",
                "sha256:e78be9c0a0dfcbac712fe04fbf92b96cddae80b1b842f24248214c8496f006ef"
            ],
            "version": "==1.0.0"
        },
        "six": {
            "hashes": [
                "sha256:236bdbdce46e6e6a3d61a337c0f8b763ca1e8717c03b369e87a7ec7ce1319c0a",
                "sha256:8f3cd2e254d8f793e7f3d6d9df77b92252b52637291d0f0da013c76ea2724b6c"
            ],
            "version": "==1.14.0"
        },
        "traceback2": {
            "hashes": [
                "sha256:05acc67a09980c2ecfedd3423f7ae0104839eccb55fc645773e1caa0951c3030",
                "sha256:8253cebec4b19094d67cc5ed5af99bf1dba1285292226e98a31929f87a5d6b23"
            ],
            "version": "==1.4.0"
        },
        "unittest2": {
            "hashes": [
                "sha256:13f77d0875db6d9b435e1d4f41e74ad4cc2eb6e1d5c824996092b3430f088bb8",
                "sha256:22882a0e418c284e1f718a822b3b022944d53d2d908e1690b319a9d3eb2c0579"
            ],
            "index": "pypi",
            "version": "==1.1.0"
        }
    }
}
